PODS:
  - AFNetworking (3.2.1):
    - AFNetworking/NSURLSession (= 3.2.1)
    - AFNetworking/Reachability (= 3.2.1)
    - AFNetworking/Security (= 3.2.1)
    - AFNetworking/Serialization (= 3.2.1)
    - AFNetworking/UIKit (= 3.2.1)
  - AFNetworking/NSURLSession (3.2.1):
    - AFNetworking/Reachability
    - AFNetworking/Security
    - AFNetworking/Serialization
  - AFNetworking/Reachability (3.2.1)
  - AFNetworking/Security (3.2.1)
  - AFNetworking/Serialization (3.2.1)
  - AFNetworking/UIKit (3.2.1):
    - AFNetworking/NSURLSession
  - AliPlayerSDK_iOS (6.5.0):
    - AliPlayerSDK_iOS/AliPlayerSDK (= 6.5.0)
  - AliPlayerSDK_iOS/AliPlayerSDK (6.5.0)
  - CocoaAsyncSocket (7.6.5)
  - CocoaLumberjack (3.8.2):
    - CocoaLumberjack/Core (= 3.8.2)
  - CocoaLumberjack/Core (3.8.2)
  - FCUUID (1.3.1):
    - UICKeyChainStore (~> 2.1.0)
  - FDFullscreenPopGesture (1.1)
  - FMDB (2.7.5):
    - FMDB/standard (= 2.7.5)
  - FMDB/standard (2.7.5)
  - GKPhotoBrowser/Core (2.7.3)
  - GKPhotoBrowser/YY (2.7.3):
    - GKPhotoBrowser/Core
    - YYWebImage
  - JSONModel (1.8.0)
  - JXCategoryView (1.6.1)
  - JXPagingView/Pager (2.1.2)
  - LEEAlert (1.6.6)
  - lottie-ios (2.5.3)
  - Masonry (1.1.0)
  - MBProgressHUD (1.2.0)
  - MJExtension (3.4.1)
  - MJRefresh (3.7.6)
  - MRDLNA (0.1.1):
    - CocoaAsyncSocket
    - MRDLNA/MRC (= 0.1.1)
  - MRDLNA/MRC (0.1.1):
    - CocoaAsyncSocket
  - MyLayout (1.9.10)
  - PrintBeautifulLog (1.2.0)
  - Reachability (3.2)
  - RtsSDK (2.6.2)
  - TABAnimated (2.6.4)
  - UICKeyChainStore (2.1.2)
  - UMAPM (1.8.5)
  - UMCCommonLog (2.0.2)
  - UMCommon (7.4.3):
    - UMDevice
  - UMDevice (3.3.0)
  - UMPush (4.0.4):
    - UMCommon
  - UMShare/Core (6.10.9):
    - UMCommon
  - UMShare/Social/Email (6.10.9):
    - UMCommon
    - UMShare/Core
  - UMShare/Social/QQ (6.10.9):
    - UMCommon
    - UMShare/Core
    - UMShare/Social/ReducedQQ
  - UMShare/Social/ReducedQQ (6.10.9):
    - UMCommon
    - UMShare/Core
  - UMShare/Social/ReducedSina (6.10.9):
    - UMCommon
    - UMShare/Core
  - UMShare/Social/ReducedWeChat (6.10.9):
    - UMCommon
    - UMShare/Core
  - UMShare/Social/Sina (6.10.9):
    - UMCommon
    - UMShare/Core
    - UMShare/Social/ReducedSina
  - UMShare/Social/SMS (6.10.9):
    - UMCommon
    - UMShare/Core
  - UMShare/Social/WeChat (6.10.9):
    - UMCommon
    - UMShare/Core
    - UMShare/Social/ReducedWeChat
  - YYCache (1.0.4)
  - YYImage (1.0.4):
    - YYImage/Core (= 1.0.4)
  - YYImage/Core (1.0.4)
  - YYWebImage (1.0.5):
    - YYCache
    - YYImage

DEPENDENCIES:
  - AFNetworking (= 3.2.1)
  - AliPlayerSDK_iOS (= 6.5.0)
  - CocoaLumberjack
  - FCUUID
  - FDFullscreenPopGesture
  - FMDB
  - GKPhotoBrowser/YY
  - JSONModel
  - JXCategoryView
  - JXPagingView/Pager
  - LEEAlert
  - lottie-ios (= 2.5.3)
  - Masonry
  - MBProgressHUD
  - MJExtension
  - MJRefresh
  - MRDLNA
  - MyLayout
  - PrintBeautifulLog
  - Reachability
  - RtsSDK
  - TABAnimated
  - UMAPM
  - UMCCommonLog
  - UMCommon
  - UMDevice
  - UMPush
  - UMShare/Social/Email
  - UMShare/Social/QQ
  - UMShare/Social/Sina
  - UMShare/Social/SMS
  - UMShare/Social/WeChat

SPEC REPOS:
  trunk:
    - AFNetworking
    - AliPlayerSDK_iOS
    - CocoaAsyncSocket
    - CocoaLumberjack
    - FCUUID
    - FDFullscreenPopGesture
    - FMDB
    - GKPhotoBrowser
    - JSONModel
    - JXCategoryView
    - JXPagingView
    - LEEAlert
    - lottie-ios
    - Masonry
    - MBProgressHUD
    - MJExtension
    - MJRefresh
    - MRDLNA
    - MyLayout
    - PrintBeautifulLog
    - Reachability
    - RtsSDK
    - TABAnimated
    - UICKeyChainStore
    - UMAPM
    - UMCCommonLog
    - UMCommon
    - UMDevice
    - UMPush
    - UMShare
    - YYCache
    - YYImage
    - YYWebImage

SPEC CHECKSUMS:
  AFNetworking: cb604b1c2bded0871f5f61f5d53653739e841d6b
  AliPlayerSDK_iOS: 58838e01ba82c298e58be2594ad860e36b67cf42
  CocoaAsyncSocket: 065fd1e645c7abab64f7a6a2007a48038fdc6a99
  CocoaLumberjack: f8d89a516e7710fdb2e9b8f1560b16ec6040eef0
  FCUUID: bb054fc90cd7cd99320f9f6ff8e130fe607fba05
  FDFullscreenPopGesture: a8a620179e3d9c40e8e00256dcee1c1a27c6d0f0
  FMDB: 2ce00b547f966261cd18927a3ddb07cb6f3db82a
  GKPhotoBrowser: a874c971102da83377d2296d2f45539bf6cdb9ca
  JSONModel: 02ab723958366a3fd27da57ea2af2113658762e9
  JXCategoryView: 7b1ee69ede4843c581688afe84d0f047723262f2
  JXPagingView: 90924b364a2ff7e94db534fad1fa50925ff69ee4
  LEEAlert: 7c2ea10bcd6be93d6d102abe947a9ff9708c4b60
  lottie-ios: a50d5c0160425cd4b01b852bb9578963e6d92d31
  Masonry: 678fab65091a9290e40e2832a55e7ab731aad201
  MBProgressHUD: 3ee5efcc380f6a79a7cc9b363dd669c5e1ae7406
  MJExtension: 21c5f6f8c4d5d8844b7ae8fbae08fed0b501f961
  MJRefresh: 2fe7fb43a5167ceda20bb7e63f130c04fd1814a5
  MRDLNA: 3fe35c6ac57c946413d07896faeb9101c4d8853d
  MyLayout: 39ee012bd780936c973bdc5d8ce0f84e3de489d7
  PrintBeautifulLog: 81bcb5db0e90d2834f7641433f41e314f33c42ed
  Reachability: 33e18b67625424e47b6cde6d202dce689ad7af96
  RtsSDK: fb60a172aa07d608caf993ca09b520245c982bce
  TABAnimated: 44589b94525ba535c411816f333caa4d4fc9a399
  UICKeyChainStore: 85db518bb1d294366d15ec9b92a416c4e670518f
  UMAPM: dc2b417de76136e7fe7fc82c1706f8cd08281b26
  UMCCommonLog: bea707e50c85cef4b0eb47cc5c7226bb843245ca
  UMCommon: 8fc989e90fc40a8b100bef3ffe21f7a59fe439ea
  UMDevice: f67106f8f1a8bc465ba20d376d896e178be66ba7
  UMPush: 1496cebc2f50a1ff9ef74b69bf868c6c3960c97f
  UMShare: 199fc08bdc742d9eaed454e8f6e7e422959ea68b
  YYCache: 8105b6638f5e849296c71f331ff83891a4942952
  YYImage: 1e1b62a9997399593e4b9c4ecfbbabbf1d3f3b54
  YYWebImage: 5f7f36aee2ae293f016d418c7d6ba05c4863e928

PODFILE CHECKSUM: beeeb385c589cc28c5faa2260eda01364d1e506b

COCOAPODS: 1.11.3
